
Microsoft Visual Studio Solution File, Format Version 12.00
# Visual Studio Version 17
VisualStudioVersion = 17.14.36908.2 d17.14
MinimumVisualStudioVersion = 10.0.40219.1
Project("{FAE04EC0-301F-11D3-BF4B-00C04F79EFBC}") = "CutterCompXY.Port", "CutterCompXY.Port.csproj", "{1EBF7A0F-860F-12B5-462F-D4DB07D4C7DA}"
EndProject
Global
	GlobalSection(SolutionConfigurationPlatforms) = preSolution
		Debug|Any CPU = Debug|Any CPU
		Release|Any CPU = Release|Any CPU
	EndGlobalSection
	GlobalSection(ProjectConfigurationPlatforms) = postSolution
		{1EBF7A0F-860F-12B5-462F-D4DB07D4C7DA}.Debug|Any CPU.ActiveCfg = Debug|Any CPU
		{1EBF7A0F-860F-12B5-462F-D4DB07D4C7DA}.Debug|Any CPU.Build.0 = Debug|Any CPU
		{1EBF7A0F-860F-12B5-462F-D4DB07D4C7DA}.Release|Any CPU.ActiveCfg = Release|Any CPU
		{1EBF7A0F-860F-12B5-462F-D4DB07D4C7DA}.Release|Any CPU.Build.0 = Release|Any CPU
	EndGlobalSection
	GlobalSection(SolutionProperties) = preSolution
		HideSolutionNode = FALSE
	EndGlobalSection
	GlobalSection(ExtensibilityGlobals) = postSolution
		SolutionGuid = {B70965F3-3616-4E6D-A404-8CA72B2F96CD}
	EndGlobalSection
EndGlobal
